{"1.1.0",
[{<<"goldrush">>,{pkg,<<"goldrush">>,<<"0.1.9">>},1},
 {<<"lager">>,{pkg,<<"lager">>,<<"3.9.2">>},0},
 {<<"lager_logstash">>,
  {git,"git@github.com:tigertext/lager_logstash.git",
       {ref,"0f5d8a9bf08ce49f553670550875cdd0819d27a4"}},
  0}]}.
[
{pkg_hash,[
 {<<"goldrush">>, <<"F06E5D5F1277DA5C413E84D5A2924174182FB108DABB39D5EC548B27424CD106">>},
 {<<"lager">>, <<"4CAB289120EB24964E3886BD22323CB5FEFE4510C076992A23AD18CF85413D8C">>}]}
].
